
Microsoft Visual Studio Solution File, Format Version 12.00
# Visual Studio Version 16
VisualStudioVersion = 16.0.30104.148
MinimumVisualStudioVersion = 10.0.40219.1
Project("{FAE04EC0-301F-11D3-BF4B-00C04F79EFBC}") = "idDict", "idDict\idDict.csproj", "{D596F871-B617-480B-AA7D-2A29B63F8CCF}"
EndProject
Global
	GlobalSection(SolutionConfigurationPlatforms) = preSolution
		Debug|Any CPU = Debug|Any CPU
		Release|Any CPU = Release|Any CPU
	EndGlobalSection
	GlobalSection(ProjectConfigurationPlatforms) = postSolution
		{D596F871-B617-480B-AA7D-2A29B63F8CCF}.Debug|Any CPU.ActiveCfg = Debug|Any CPU
		{D596F871-B617-480B-AA7D-2A29B63F8CCF}.Debug|Any CPU.Build.0 = Debug|Any CPU
		{D596F871-B617-480B-AA7D-2A29B63F8CCF}.Release|Any CPU.ActiveCfg = Release|Any CPU
		{D596F871-B617-480B-AA7D-2A29B63F8CCF}.Release|Any CPU.Build.0 = Release|Any CPU
	EndGlobalSection
	GlobalSection(SolutionProperties) = preSolution
		HideSolutionNode = FALSE
	EndGlobalSection
	GlobalSection(ExtensibilityGlobals) = postSolution
		SolutionGuid = {13F7C737-A29C-4A96-BBCE-0639D820A1F0}
	EndGlobalSection
EndGlobal
