
Microsoft Visual Studio Solution File, Format Version 12.00
# Visual Studio Version 16
VisualStudioVersion = 16.0.30104.148
MinimumVisualStudioVersion = 10.0.40219.1
Project("{FAE04EC0-301F-11D3-BF4B-00C04F79EFBC}") = "MethodPractice", "MethodPractice\MethodPractice.csproj", "{61E39B39-6F5D-40DF-9089-BB2689804497}"
EndProject
Global
	GlobalSection(SolutionConfigurationPlatforms) = preSolution
		Debug|Any CPU = Debug|Any CPU
		Release|Any CPU = Release|Any CPU
	EndGlobalSection
	GlobalSection(ProjectConfigurationPlatforms) = postSolution
		{61E39B39-6F5D-40DF-9089-BB2689804497}.Debug|Any CPU.ActiveCfg = Debug|Any CPU
		{61E39B39-6F5D-40DF-9089-BB2689804497}.Debug|Any CPU.Build.0 = Debug|Any CPU
		{61E39B39-6F5D-40DF-9089-BB2689804497}.Release|Any CPU.ActiveCfg = Release|Any CPU
		{61E39B39-6F5D-40DF-9089-BB2689804497}.Release|Any CPU.Build.0 = Release|Any CPU
	EndGlobalSection
	GlobalSection(SolutionProperties) = preSolution
		HideSolutionNode = FALSE
	EndGlobalSection
	GlobalSection(ExtensibilityGlobals) = postSolution
		SolutionGuid = {BB75DBEF-67B0-4247-8B78-A0CE343E06C6}
	EndGlobalSection
EndGlobal
