
Microsoft Visual Studio Solution File, Format Version 12.00
# Visual Studio Version 16
VisualStudioVersion = 16.0.30104.148
MinimumVisualStudioVersion = 10.0.40219.1
Project("{FAE04EC0-301F-11D3-BF4B-00C04F79EFBC}") = "ConsoleGuestBook", "ConsoleGuestBook\ConsoleGuestBook.csproj", "{69F4E238-730C-4AF1-8703-33B6909711CA}"
EndProject
Global
	GlobalSection(SolutionConfigurationPlatforms) = preSolution
		Debug|Any CPU = Debug|Any CPU
		Release|Any CPU = Release|Any CPU
	EndGlobalSection
	GlobalSection(ProjectConfigurationPlatforms) = postSolution
		{69F4E238-730C-4AF1-8703-33B6909711CA}.Debug|Any CPU.ActiveCfg = Debug|Any CPU
		{69F4E238-730C-4AF1-8703-33B6909711CA}.Debug|Any CPU.Build.0 = Debug|Any CPU
		{69F4E238-730C-4AF1-8703-33B6909711CA}.Release|Any CPU.ActiveCfg = Release|Any CPU
		{69F4E238-730C-4AF1-8703-33B6909711CA}.Release|Any CPU.Build.0 = Release|Any CPU
	EndGlobalSection
	GlobalSection(SolutionProperties) = preSolution
		HideSolutionNode = FALSE
	EndGlobalSection
	GlobalSection(ExtensibilityGlobals) = postSolution
		SolutionGuid = {2C7773B9-3C20-4BAB-A93A-C9B27E603DE3}
	EndGlobalSection
EndGlobal
